
Microsoft Visual Studio Solution File, Format Version 12.00
# Visual Studio Version 17
VisualStudioVersion = 17.11.35312.102
MinimumVisualStudioVersion = 10.0.40219.1
Project("{9A19103F-16F7-4668-BE54-9A1E7A4F7556}") = "SignalR.API_FoodAPI", "..\SignalR.API_FC\SignalR.API_FoodAPI\SignalR.API_FoodAPI.csproj", "{4841871C-865B-4732-8C83-8725C2AC9C5C}"
EndProject
Project("{9A19103F-16F7-4668-BE54-9A1E7A4F7556}") = "SignalR.API_Food_BusinessLayer", "..\SignalR.API_FC\SignalR.API_Food_BusinessLayer\SignalR.API_Food_BusinessLayer.csproj", "{73BFF771-E3A0-4D81-B117-A28E847C280F}"
EndProject
Project("{9A19103F-16F7-4668-BE54-9A1E7A4F7556}") = "SignalR.API_Food_DataAccessLayer", "..\SignalR.API_FC\SignalR.API_Food_DataAccessLayer\SignalR.API_Food_DataAccessLayer.csproj", "{A5389269-435C-4CCB-8114-CD094AD44EB7}"
EndProject
Project("{9A19103F-16F7-4668-BE54-9A1E7A4F7556}") = "SignalR.API_Food_EntityLayer", "..\SignalR.API_FC\SignalR.API_Food_EntityLayer\SignalR.API_Food_EntityLayer.csproj", "{2E5ED3E3-99B7-4A96-85E8-BFCE73704CDE}"
EndProject
Project("{9A19103F-16F7-4668-BE54-9A1E7A4F7556}") = "SignalR.WEB_Food", "..\SignalR.API_FC\SignalR.WebUI_Food\SignalR.WEB_Food.csproj", "{FD76E9AB-E6DA-4051-9B43-51FEC0A3578F}"
EndProject
Global
	GlobalSection(SolutionConfigurationPlatforms) = preSolution
		Debug|Any CPU = Debug|Any CPU
		Release|Any CPU = Release|Any CPU
	EndGlobalSection
	GlobalSection(ProjectConfigurationPlatforms) = postSolution
		{4841871C-865B-4732-8C83-8725C2AC9C5C}.Debug|Any CPU.ActiveCfg = Debug|Any CPU
		{4841871C-865B-4732-8C83-8725C2AC9C5C}.Debug|Any CPU.Build.0 = Debug|Any CPU
		{4841871C-865B-4732-8C83-8725C2AC9C5C}.Release|Any CPU.ActiveCfg = Release|Any CPU
		{4841871C-865B-4732-8C83-8725C2AC9C5C}.Release|Any CPU.Build.0 = Release|Any CPU
		{73BFF771-E3A0-4D81-B117-A28E847C280F}.Debug|Any CPU.ActiveCfg = Debug|Any CPU
		{73BFF771-E3A0-4D81-B117-A28E847C280F}.Debug|Any CPU.Build.0 = Debug|Any CPU
		{73BFF771-E3A0-4D81-B117-A28E847C280F}.Release|Any CPU.ActiveCfg = Release|Any CPU
		{73BFF771-E3A0-4D81-B117-A28E847C280F}.Release|Any CPU.Build.0 = Release|Any CPU
		{A5389269-435C-4CCB-8114-CD094AD44EB7}.Debug|Any CPU.ActiveCfg = Debug|Any CPU
		{A5389269-435C-4CCB-8114-CD094AD44EB7}.Debug|Any CPU.Build.0 = Debug|Any CPU
		{A5389269-435C-4CCB-8114-CD094AD44EB7}.Release|Any CPU.ActiveCfg = Release|Any CPU
		{A5389269-435C-4CCB-8114-CD094AD44EB7}.Release|Any CPU.Build.0 = Release|Any CPU
		{2E5ED3E3-99B7-4A96-85E8-BFCE73704CDE}.Debug|Any CPU.ActiveCfg = Debug|Any CPU
		{2E5ED3E3-99B7-4A96-85E8-BFCE73704CDE}.Debug|Any CPU.Build.0 = Debug|Any CPU
		{2E5ED3E3-99B7-4A96-85E8-BFCE73704CDE}.Release|Any CPU.ActiveCfg = Release|Any CPU
		{2E5ED3E3-99B7-4A96-85E8-BFCE73704CDE}.Release|Any CPU.Build.0 = Release|Any CPU
		{FD76E9AB-E6DA-4051-9B43-51FEC0A3578F}.Debug|Any CPU.ActiveCfg = Debug|Any CPU
		{FD76E9AB-E6DA-4051-9B43-51FEC0A3578F}.Debug|Any CPU.Build.0 = Debug|Any CPU
		{FD76E9AB-E6DA-4051-9B43-51FEC0A3578F}.Release|Any CPU.ActiveCfg = Release|Any CPU
		{FD76E9AB-E6DA-4051-9B43-51FEC0A3578F}.Release|Any CPU.Build.0 = Release|Any CPU
	EndGlobalSection
	GlobalSection(SolutionProperties) = preSolution
		HideSolutionNode = FALSE
	EndGlobalSection
	GlobalSection(ExtensibilityGlobals) = postSolution
		SolutionGuid = {2604E118-8FAD-4A54-BC73-9DC9FC80F36E}
	EndGlobalSection
EndGlobal
